
Microsoft Visual Studio Solution File, Format Version 12.00
# Visual Studio Version 17
VisualStudioVersion = 17.10.35004.147
MinimumVisualStudioVersion = 10.0.40219.1
Project("{9A19103F-16F7-4668-BE54-9A1E7A4F7556}") = "dCommon", "dCommon\dCommon.csproj", "{63F620D8-5B25-4CA4-A5A7-9E4AD5DA9601}"
EndProject
Project("{9A19103F-16F7-4668-BE54-9A1E7A4F7556}") = "dDataAccess", "dDataAccess\dDataAccess.csproj", "{18669A2A-3B63-476D-BC87-D7D231414E08}"
EndProject
Project("{9A19103F-16F7-4668-BE54-9A1E7A4F7556}") = "dSecurity", "dSecurity\dSecurity.csproj", "{74A9A342-4164-4537-95BE-2A674B840AFE}"
EndProject
Project("{9A19103F-16F7-4668-BE54-9A1E7A4F7556}") = "dShared", "dShared\dShared.csproj", "{A51CBCC5-A2A5-4771-B970-2FFFB576097C}"
EndProject
Project("{9A19103F-16F7-4668-BE54-9A1E7A4F7556}") = "FraTool.Web", "FraTool.Web\FraTool.Web.csproj", "{F313C076-6112-42CF-ABCA-1DC225FDCAC8}"
EndProject
Project("{FAE04EC0-301F-11D3-BF4B-00C04F79EFBC}") = "dVoucher", "dVoucher\dVoucher.csproj", "{54349C92-38B5-4142-87F2-A3ABF40868AB}"
EndProject
Global
	GlobalSection(SolutionConfigurationPlatforms) = preSolution
		Debug|Any CPU = Debug|Any CPU
		Release|Any CPU = Release|Any CPU
	EndGlobalSection
	GlobalSection(ProjectConfigurationPlatforms) = postSolution
		{63F620D8-5B25-4CA4-A5A7-9E4AD5DA9601}.Debug|Any CPU.ActiveCfg = Debug|Any CPU
		{63F620D8-5B25-4CA4-A5A7-9E4AD5DA9601}.Debug|Any CPU.Build.0 = Debug|Any CPU
		{63F620D8-5B25-4CA4-A5A7-9E4AD5DA9601}.Release|Any CPU.ActiveCfg = Release|Any CPU
		{63F620D8-5B25-4CA4-A5A7-9E4AD5DA9601}.Release|Any CPU.Build.0 = Release|Any CPU
		{18669A2A-3B63-476D-BC87-D7D231414E08}.Debug|Any CPU.ActiveCfg = Debug|Any CPU
		{18669A2A-3B63-476D-BC87-D7D231414E08}.Debug|Any CPU.Build.0 = Debug|Any CPU
		{18669A2A-3B63-476D-BC87-D7D231414E08}.Release|Any CPU.ActiveCfg = Release|Any CPU
		{18669A2A-3B63-476D-BC87-D7D231414E08}.Release|Any CPU.Build.0 = Release|Any CPU
		{74A9A342-4164-4537-95BE-2A674B840AFE}.Debug|Any CPU.ActiveCfg = Debug|Any CPU
		{74A9A342-4164-4537-95BE-2A674B840AFE}.Debug|Any CPU.Build.0 = Debug|Any CPU
		{74A9A342-4164-4537-95BE-2A674B840AFE}.Release|Any CPU.ActiveCfg = Release|Any CPU
		{74A9A342-4164-4537-95BE-2A674B840AFE}.Release|Any CPU.Build.0 = Release|Any CPU
		{A51CBCC5-A2A5-4771-B970-2FFFB576097C}.Debug|Any CPU.ActiveCfg = Debug|Any CPU
		{A51CBCC5-A2A5-4771-B970-2FFFB576097C}.Debug|Any CPU.Build.0 = Debug|Any CPU
		{A51CBCC5-A2A5-4771-B970-2FFFB576097C}.Release|Any CPU.ActiveCfg = Release|Any CPU
		{A51CBCC5-A2A5-4771-B970-2FFFB576097C}.Release|Any CPU.Build.0 = Release|Any CPU
		{F313C076-6112-42CF-ABCA-1DC225FDCAC8}.Debug|Any CPU.ActiveCfg = Debug|Any CPU
		{F313C076-6112-42CF-ABCA-1DC225FDCAC8}.Debug|Any CPU.Build.0 = Debug|Any CPU
		{F313C076-6112-42CF-ABCA-1DC225FDCAC8}.Release|Any CPU.ActiveCfg = Release|Any CPU
		{F313C076-6112-42CF-ABCA-1DC225FDCAC8}.Release|Any CPU.Build.0 = Release|Any CPU
		{54349C92-38B5-4142-87F2-A3ABF40868AB}.Debug|Any CPU.ActiveCfg = Debug|Any CPU
		{54349C92-38B5-4142-87F2-A3ABF40868AB}.Debug|Any CPU.Build.0 = Debug|Any CPU
		{54349C92-38B5-4142-87F2-A3ABF40868AB}.Release|Any CPU.ActiveCfg = Release|Any CPU
		{54349C92-38B5-4142-87F2-A3ABF40868AB}.Release|Any CPU.Build.0 = Release|Any CPU
	EndGlobalSection
	GlobalSection(SolutionProperties) = preSolution
		HideSolutionNode = FALSE
	EndGlobalSection
	GlobalSection(ExtensibilityGlobals) = postSolution
		SolutionGuid = {7A0C4E6F-547A-4DF8-B31F-B4990D4DF4E3}
	EndGlobalSection
EndGlobal
